// !$*UTF8*$!
{
	archiveVersion = 1;
	classes = {
	};
	objectVersion = 46;
	objects = {

/* Begin PBXBuildFile section */
		10589F1F1DC702660054E8A2 /* RecentSearch.swift in Sources */ = {isa = PBXBuildFile; fileRef = 10589F1E1DC702660054E8A2 /* RecentSearch.swift */; };
		10589F231DC726410054E8A2 /* RecentSearchTableViewController.swift in Sources */ = {isa = PBXBuildFile; fileRef = 10589F221DC726410054E8A2 /* RecentSearchTableViewController.swift */; };
		105A7A2A1DB89B3300755BD2 /* AppDelegate.swift in Sources */ = {isa = PBXBuildFile; fileRef = 105A7A291DB89B3300755BD2 /* AppDelegate.swift */; };
		105A7A2F1DB89B3300755BD2 /* Main.storyboard in Resources */ = {isa = PBXBuildFile; fileRef = 105A7A2D1DB89B3300755BD2 /* Main.storyboard */; };
		105A7A311DB89B3300755BD2 /* Assets.xcassets in Resources */ = {isa = PBXBuildFile; fileRef = 105A7A301DB89B3300755BD2 /* Assets.xcassets */; };
		105A7A341DB89B3300755BD2 /* LaunchScreen.storyboard in Resources */ = {isa = PBXBuildFile; fileRef = 105A7A321DB89B3300755BD2 /* LaunchScreen.storyboard */; };
		105A7A3D1DB89BB200755BD2 /* TweetTableViewController.swift in Sources */ = {isa = PBXBuildFile; fileRef = 105A7A3C1DB89BB200755BD2 /* TweetTableViewController.swift */; };
		108004431DC9B039003E4E28 /* WebViewController.swift in Sources */ = {isa = PBXBuildFile; fileRef = 108004421DC9B039003E4E28 /* WebViewController.swift */; };
		108316841DC2E32D00DA7077 /* ImageViewController.swift in Sources */ = {isa = PBXBuildFile; fileRef = 108316831DC2E32D00DA7077 /* ImageViewController.swift */; };
		108A55601DCC6FE3005F2EAD /* MediaCollectionViewController.swift in Sources */ = {isa = PBXBuildFile; fileRef = 108A555F1DCC6FE3005F2EAD /* MediaCollectionViewController.swift */; };
		108A55621DCC8678005F2EAD /* MediaCollectionViewCell.swift in Sources */ = {isa = PBXBuildFile; fileRef = 108A55611DCC8678005F2EAD /* MediaCollectionViewCell.swift */; };
		108A55661DD45BD3005F2EAD /* ImageCache.swift in Sources */ = {isa = PBXBuildFile; fileRef = 108A55651DD45BD3005F2EAD /* ImageCache.swift */; };
		108A55681DD88D19005F2EAD /* ImageFlowViewLayout.swift in Sources */ = {isa = PBXBuildFile; fileRef = 108A55671DD88D19005F2EAD /* ImageFlowViewLayout.swift */; };
		10A773A51DDD994B00042FDE /* Model.xcdatamodeld in Sources */ = {isa = PBXBuildFile; fileRef = 10A773A31DDD994B00042FDE /* Model.xcdatamodeld */; };
		10A773BD1DDDA7CE00042FDE /* Tweet+CoreDataProperties.swift in Sources */ = {isa = PBXBuildFile; fileRef = 10A773B91DDDA7CE00042FDE /* Tweet+CoreDataProperties.swift */; };
		10A773BE1DDDA7CE00042FDE /* Tweet.swift in Sources */ = {isa = PBXBuildFile; fileRef = 10A773BA1DDDA7CE00042FDE /* Tweet.swift */; };
		10A773C21DDE928800042FDE /* TweetersTableViewController.swift in Sources */ = {isa = PBXBuildFile; fileRef = 10A773C11DDE928800042FDE /* TweetersTableViewController.swift */; };
		10A773C41DDE9EB300042FDE /* CoreDataTableViewController.swift in Sources */ = {isa = PBXBuildFile; fileRef = 10A773C31DDE9EB300042FDE /* CoreDataTableViewController.swift */; };
		10A773D31DE6C5C600042FDE /* Mention+CoreDataProperties.swift in Sources */ = {isa = PBXBuildFile; fileRef = 10A773D11DE6C5C600042FDE /* Mention+CoreDataProperties.swift */; };
		10A773D41DE6C5C600042FDE /* Mention.swift in Sources */ = {isa = PBXBuildFile; fileRef = 10A773D21DE6C5C600042FDE /* Mention.swift */; };
		10FB05331DB8B576004C7620 /* TweetTableViewCell.swift in Sources */ = {isa = PBXBuildFile; fileRef = 10FB05321DB8B576004C7620 /* TweetTableViewCell.swift */; };
		10FB05371DBA563F004C7620 /* MentionsTableViewCell.swift in Sources */ = {isa = PBXBuildFile; fileRef = 10FB05361DBA563F004C7620 /* MentionsTableViewCell.swift */; };
		10FB05391DBA568F004C7620 /* MentionsTableViewController.swift in Sources */ = {isa = PBXBuildFile; fileRef = 10FB05381DBA568F004C7620 /* MentionsTableViewController.swift */; };
		10FC51C31F0FCEFE00BF454B /* Twitter.framework in Frameworks */ = {isa = PBXBuildFile; fileRef = 10C6890F1E7832820043E9F1 /* Twitter.framework */; };
/* End PBXBuildFile section */

/* Begin PBXFileReference section */
		10589F1E1DC702660054E8A2 /* RecentSearch.swift */ = {isa = PBXFileReference; fileEncoding = 4; lastKnownFileType = sourcecode.swift; path = RecentSearch.swift; sourceTree = "<group>"; };
		10589F221DC726410054E8A2 /* RecentSearchTableViewController.swift */ = {isa = PBXFileReference; fileEncoding = 4; lastKnownFileType = sourcecode.swift; path = RecentSearchTableViewController.swift; sourceTree = "<group>"; };
		105A7A261DB89B3300755BD2 /* Smashtag.app */ = {isa = PBXFileReference; explicitFileType = wrapper.application; includeInIndex = 0; path = Smashtag.app; sourceTree = BUILT_PRODUCTS_DIR; };
		105A7A291DB89B3300755BD2 /* AppDelegate.swift */ = {isa = PBXFileReference; lastKnownFileType = sourcecode.swift; path = AppDelegate.swift; sourceTree = "<group>"; };
		105A7A2E1DB89B3300755BD2 /* Base */ = {isa = PBXFileReference; lastKnownFileType = file.storyboard; name = Base; path = Base.lproj/Main.storyboard; sourceTree = "<group>"; };
		105A7A301DB89B3300755BD2 /* Assets.xcassets */ = {isa = PBXFileReference; lastKnownFileType = folder.assetcatalog; path = Assets.xcassets; sourceTree = "<group>"; };
		105A7A331DB89B3300755BD2 /* Base */ = {isa = PBXFileReference; lastKnownFileType = file.storyboard; name = Base; path = Base.lproj/LaunchScreen.storyboard; sourceTree = "<group>"; };
		105A7A351DB89B3300755BD2 /* Info.plist */ = {isa = PBXFileReference; lastKnownFileType = text.plist.xml; path = Info.plist; sourceTree = "<group>"; };
		105A7A3C1DB89BB200755BD2 /* TweetTableViewController.swift */ = {isa = PBXFileReference; fileEncoding = 4; lastKnownFileType = sourcecode.swift; path = TweetTableViewController.swift; sourceTree = "<group>"; };
		108004421DC9B039003E4E28 /* WebViewController.swift */ = {isa = PBXFileReference; fileEncoding = 4; lastKnownFileType = sourcecode.swift; path = WebViewController.swift; sourceTree = "<group>"; };
		108316831DC2E32D00DA7077 /* ImageViewController.swift */ = {isa = PBXFileReference; fileEncoding = 4; lastKnownFileType = sourcecode.swift; path = ImageViewController.swift; sourceTree = "<group>"; };
		108A555F1DCC6FE3005F2EAD /* MediaCollectionViewController.swift */ = {isa = PBXFileReference; fileEncoding = 4; lastKnownFileType = sourcecode.swift; path = MediaCollectionViewController.swift; sourceTree = "<group>"; };
		108A55611DCC8678005F2EAD /* MediaCollectionViewCell.swift */ = {isa = PBXFileReference; fileEncoding = 4; lastKnownFileType = sourcecode.swift; path = MediaCollectionViewCell.swift; sourceTree = "<group>"; };
		108A55651DD45BD3005F2EAD /* ImageCache.swift */ = {isa = PBXFileReference; fileEncoding = 4; lastKnownFileType = sourcecode.swift; path = ImageCache.swift; sourceTree = "<group>"; };
		108A55671DD88D19005F2EAD /* ImageFlowViewLayout.swift */ = {isa = PBXFileReference; fileEncoding = 4; lastKnownFileType = sourcecode.swift; path = ImageFlowViewLayout.swift; sourceTree = "<group>"; };
		10A7739F1DDD987600042FDE /* Model.xcdatamodel */ = {isa = PBXFileReference; lastKnownFileType = wrapper.xcdatamodel; path = Model.xcdatamodel; sourceTree = "<group>"; };
		10A773A41DDD994B00042FDE /* Model.xcdatamodel */ = {isa = PBXFileReference; lastKnownFileType = wrapper.xcdatamodel; path = Model.xcdatamodel; sourceTree = "<group>"; };
		10A773B91DDDA7CE00042FDE /* Tweet+CoreDataProperties.swift */ = {isa = PBXFileReference; fileEncoding = 4; lastKnownFileType = sourcecode.swift; name = "Tweet+CoreDataProperties.swift"; path = "Smashtag/Smashtag/Tweet+CoreDataProperties.swift"; sourceTree = "<group>"; };
		10A773BA1DDDA7CE00042FDE /* Tweet.swift */ = {isa = PBXFileReference; fileEncoding = 4; lastKnownFileType = sourcecode.swift; name = Tweet.swift; path = Smashtag/Smashtag/Tweet.swift; sourceTree = "<group>"; };
		10A773C11DDE928800042FDE /* TweetersTableViewController.swift */ = {isa = PBXFileReference; fileEncoding = 4; lastKnownFileType = sourcecode.swift; path = TweetersTableViewController.swift; sourceTree = "<group>"; };
		10A773C31DDE9EB300042FDE /* CoreDataTableViewController.swift */ = {isa = PBXFileReference; fileEncoding = 4; lastKnownFileType = sourcecode.swift; name = CoreDataTableViewController.swift; path = Smashtag/Smashtag/CoreDataTableViewController.swift; sourceTree = "<group>"; };
		10A773D11DE6C5C600042FDE /* Mention+CoreDataProperties.swift */ = {isa = PBXFileReference; fileEncoding = 4; lastKnownFileType = sourcecode.swift; name = "Mention+CoreDataProperties.swift"; path = "Smashtag/Smashtag/Mention+CoreDataProperties.swift"; sourceTree = "<group>"; };
		10A773D21DE6C5C600042FDE /* Mention.swift */ = {isa = PBXFileReference; fileEncoding = 4; lastKnownFileType = sourcecode.swift; name = Mention.swift; path = Smashtag/Smashtag/Mention.swift; sourceTree = "<group>"; };
		10C6890F1E7832820043E9F1 /* Twitter.framework */ = {isa = PBXFileReference; lastKnownFileType = wrapper.framework; name = Twitter.framework; path = "../../../Library/Developer/Xcode/DerivedData/Smashtag-gvvbtujorowlfuengxpnnosvvmyv/Build/Products/Debug-iphonesimulator/Twitter.framework"; sourceTree = "<group>"; };
		10FB05321DB8B576004C7620 /* TweetTableViewCell.swift */ = {isa = PBXFileReference; fileEncoding = 4; lastKnownFileType = sourcecode.swift; path = TweetTableViewCell.swift; sourceTree = "<group>"; };
		10FB05361DBA563F004C7620 /* MentionsTableViewCell.swift */ = {isa = PBXFileReference; fileEncoding = 4; lastKnownFileType = sourcecode.swift; path = MentionsTableViewCell.swift; sourceTree = "<group>"; };
		10FB05381DBA568F004C7620 /* MentionsTableViewController.swift */ = {isa = PBXFileReference; fileEncoding = 4; lastKnownFileType = sourcecode.swift; path = MentionsTableViewController.swift; sourceTree = "<group>"; };
/* End PBXFileReference section */

/* Begin PBXFrameworksBuildPhase section */
		105A7A231DB89B3300755BD2 /* Frameworks */ = {
			isa = PBXFrameworksBuildPhase;
			buildActionMask = 2147483647;
			files = (
				10FC51C31F0FCEFE00BF454B /* Twitter.framework in Frameworks */,
			);
			runOnlyForDeploymentPostprocessing = 0;
		};
/* End PBXFrameworksBuildPhase section */

/* Begin PBXGroup section */
		105A7A1D1DB89B3300755BD2 = {
			isa = PBXGroup;
			children = (
				105A7A281DB89B3300755BD2 /* Smashtag */,
				105A7A271DB89B3300755BD2 /* Products */,
				10A7739E1DDD987600042FDE /* Model.xcdatamodeld */,
				10C6890E1E7832820043E9F1 /* Frameworks */,
			);
			sourceTree = "<group>";
		};
		105A7A271DB89B3300755BD2 /* Products */ = {
			isa = PBXGroup;
			children = (
				105A7A261DB89B3300755BD2 /* Smashtag.app */,
			);
			name = Products;
			sourceTree = "<group>";
		};
		105A7A281DB89B3300755BD2 /* Smashtag */ = {
			isa = PBXGroup;
			children = (
				10A773AA1DDDA08000042FDE /* Core Data */,
				105A7A2D1DB89B3300755BD2 /* Main.storyboard */,
				10A773C11DDE928800042FDE /* TweetersTableViewController.swift */,
				105A7A3C1DB89BB200755BD2 /* TweetTableViewController.swift */,
				10FB05321DB8B576004C7620 /* TweetTableViewCell.swift */,
				10FB05381DBA568F004C7620 /* MentionsTableViewController.swift */,
				10FB05361DBA563F004C7620 /* MentionsTableViewCell.swift */,
				108316831DC2E32D00DA7077 /* ImageViewController.swift */,
				108004421DC9B039003E4E28 /* WebViewController.swift */,
				10589F1E1DC702660054E8A2 /* RecentSearch.swift */,
				10589F221DC726410054E8A2 /* RecentSearchTableViewController.swift */,
				108A555F1DCC6FE3005F2EAD /* MediaCollectionViewController.swift */,
				108A55611DCC8678005F2EAD /* MediaCollectionViewCell.swift */,
				108A55651DD45BD3005F2EAD /* ImageCache.swift */,
				108A55671DD88D19005F2EAD /* ImageFlowViewLayout.swift */,
				105A7A3B1DB89B4800755BD2 /* Supporting Files */,
			);
			path = Smashtag;
			sourceTree = "<group>";
		};
		105A7A3B1DB89B4800755BD2 /* Supporting Files */ = {
			isa = PBXGroup;
			children = (
				105A7A291DB89B3300755BD2 /* AppDelegate.swift */,
				105A7A301DB89B3300755BD2 /* Assets.xcassets */,
				105A7A321DB89B3300755BD2 /* LaunchScreen.storyboard */,
				105A7A351DB89B3300755BD2 /* Info.plist */,
			);
			name = "Supporting Files";
			sourceTree = "<group>";
		};
		10A773AA1DDDA08000042FDE /* Core Data */ = {
			isa = PBXGroup;
			children = (
				10A773D11DE6C5C600042FDE /* Mention+CoreDataProperties.swift */,
				10A773D21DE6C5C600042FDE /* Mention.swift */,
				10A773B91DDDA7CE00042FDE /* Tweet+CoreDataProperties.swift */,
				10A773BA1DDDA7CE00042FDE /* Tweet.swift */,
				10A773A31DDD994B00042FDE /* Model.xcdatamodeld */,
				10A773C31DDE9EB300042FDE /* CoreDataTableViewController.swift */,
			);
			name = "Core Data";
			path = ../..;
			sourceTree = "<group>";
		};
		10C6890E1E7832820043E9F1 /* Frameworks */ = {
			isa = PBXGroup;
			children = (
				10C6890F1E7832820043E9F1 /* Twitter.framework */,
			);
			name = Frameworks;
			sourceTree = "<group>";
		};
/* End PBXGroup section */

/* Begin PBXNativeTarget section */
		105A7A251DB89B3300755BD2 /* Smashtag */ = {
			isa = PBXNativeTarget;
			buildConfigurationList = 105A7A381DB89B3300755BD2 /* Build configuration list for PBXNativeTarget "Smashtag" */;
			buildPhases = (
				105A7A221DB89B3300755BD2 /* Sources */,
				105A7A231DB89B3300755BD2 /* Frameworks */,
				105A7A241DB89B3300755BD2 /* Resources */,
			);
			buildRules = (
			);
			dependencies = (
			);
			name = Smashtag;
			productName = Smashtag;
			productReference = 105A7A261DB89B3300755BD2 /* Smashtag.app */;
			productType = "com.apple.product-type.application";
		};
/* End PBXNativeTarget section */

/* Begin PBXProject section */
		105A7A1E1DB89B3300755BD2 /* Project object */ = {
			isa = PBXProject;
			attributes = {
				LastSwiftUpdateCheck = 0730;
				LastUpgradeCheck = 0820;
				ORGANIZATIONNAME = hyf;
				TargetAttributes = {
					105A7A251DB89B3300755BD2 = {
						CreatedOnToolsVersion = 7.3.1;
						LastSwiftMigration = 0820;
					};
				};
			};
			buildConfigurationList = 105A7A211DB89B3300755BD2 /* Build configuration list for PBXProject "Smashtag" */;
			compatibilityVersion = "Xcode 3.2";
			developmentRegion = English;
			hasScannedForEncodings = 0;
			knownRegions = (
				en,
				Base,
			);
			mainGroup = 105A7A1D1DB89B3300755BD2;
			productRefGroup = 105A7A271DB89B3300755BD2 /* Products */;
			projectDirPath = "";
			projectRoot = "";
			targets = (
				105A7A251DB89B3300755BD2 /* Smashtag */,
			);
		};
/* End PBXProject section */

/* Begin PBXResourcesBuildPhase section */
		105A7A241DB89B3300755BD2 /* Resources */ = {
			isa = PBXResourcesBuildPhase;
			buildActionMask = 2147483647;
			files = (
				105A7A341DB89B3300755BD2 /* LaunchScreen.storyboard in Resources */,
				105A7A311DB89B3300755BD2 /* Assets.xcassets in Resources */,
				105A7A2F1DB89B3300755BD2 /* Main.storyboard in Resources */,
			);
			runOnlyForDeploymentPostprocessing = 0;
		};
/* End PBXResourcesBuildPhase section */

/* Begin PBXSourcesBuildPhase section */
		105A7A221DB89B3300755BD2 /* Sources */ = {
			isa = PBXSourcesBuildPhase;
			buildActionMask = 2147483647;
			files = (
				105A7A2A1DB89B3300755BD2 /* AppDelegate.swift in Sources */,
				108A55681DD88D19005F2EAD /* ImageFlowViewLayout.swift in Sources */,
				10A773A51DDD994B00042FDE /* Model.xcdatamodeld in Sources */,
				10A773D31DE6C5C600042FDE /* Mention+CoreDataProperties.swift in Sources */,
				108004431DC9B039003E4E28 /* WebViewController.swift in Sources */,
				105A7A3D1DB89BB200755BD2 /* TweetTableViewController.swift in Sources */,
				10FB05371DBA563F004C7620 /* MentionsTableViewCell.swift in Sources */,
				10A773BD1DDDA7CE00042FDE /* Tweet+CoreDataProperties.swift in Sources */,
				10FB05391DBA568F004C7620 /* MentionsTableViewController.swift in Sources */,
				10589F1F1DC702660054E8A2 /* RecentSearch.swift in Sources */,
				108A55661DD45BD3005F2EAD /* ImageCache.swift in Sources */,
				108A55601DCC6FE3005F2EAD /* MediaCollectionViewController.swift in Sources */,
				108316841DC2E32D00DA7077 /* ImageViewController.swift in Sources */,
				10A773C41DDE9EB300042FDE /* CoreDataTableViewController.swift in Sources */,
				10589F231DC726410054E8A2 /* RecentSearchTableViewController.swift in Sources */,
				10A773C21DDE928800042FDE /* TweetersTableViewController.swift in Sources */,
				10A773D41DE6C5C600042FDE /* Mention.swift in Sources */,
				108A55621DCC8678005F2EAD /* MediaCollectionViewCell.swift in Sources */,
				10A773BE1DDDA7CE00042FDE /* Tweet.swift in Sources */,
				10FB05331DB8B576004C7620 /* TweetTableViewCell.swift in Sources */,
			);
			runOnlyForDeploymentPostprocessing = 0;
		};
/* End PBXSourcesBuildPhase section */

/* Begin PBXVariantGroup section */
		105A7A2D1DB89B3300755BD2 /* Main.storyboard */ = {
			isa = PBXVariantGroup;
			children = (
				105A7A2E1DB89B3300755BD2 /* Base */,
			);
			name = Main.storyboard;
			sourceTree = "<group>";
		};
		105A7A321DB89B3300755BD2 /* LaunchScreen.storyboard */ = {
			isa = PBXVariantGroup;
			children = (
				105A7A331DB89B3300755BD2 /* Base */,
			);
			name = LaunchScreen.storyboard;
			sourceTree = "<group>";
		};
/* End PBXVariantGroup section */

/* Begin XCBuildConfiguration section */
		105A7A361DB89B3300755BD2 /* Debug */ = {
			isa = XCBuildConfiguration;
			buildSettings = {
				ALWAYS_SEARCH_USER_PATHS = NO;
				CLANG_ANALYZER_NONNULL = YES;
				CLANG_CXX_LANGUAGE_STANDARD = "gnu++0x";
				CLANG_CXX_LIBRARY = "libc++";
				CLANG_ENABLE_MODULES = YES;
				CLANG_ENABLE_OBJC_ARC = YES;
				CLANG_WARN_BOOL_CONVERSION = YES;
				CLANG_WARN_CONSTANT_CONVERSION = YES;
				CLANG_WARN_DIRECT_OBJC_ISA_USAGE = YES_ERROR;
				CLANG_WARN_EMPTY_BODY = YES;
				CLANG_WARN_ENUM_CONVERSION = YES;
				CLANG_WARN_INFINITE_RECURSION = YES;
				CLANG_WARN_INT_CONVERSION = YES;
				CLANG_WARN_OBJC_ROOT_CLASS = YES_ERROR;
				CLANG_WARN_SUSPICIOUS_MOVE = YES;
				CLANG_WARN_UNREACHABLE_CODE = YES;
				CLANG_WARN__DUPLICATE_METHOD_MATCH = YES;
				"CODE_SIGN_IDENTITY[sdk=iphoneos*]" = "iPhone Developer";
				COPY_PHASE_STRIP = NO;
				DEBUG_INFORMATION_FORMAT = dwarf;
				ENABLE_STRICT_OBJC_MSGSEND = YES;
				ENABLE_TESTABILITY = YES;
				GCC_C_LANGUAGE_STANDARD = gnu99;
				GCC_DYNAMIC_NO_PIC = NO;
				GCC_NO_COMMON_BLOCKS = YES;
				GCC_OPTIMIZATION_LEVEL = 0;
				GCC_PREPROCESSOR_DEFINITIONS = (
					"DEBUG=1",
					"$(inherited)",
				);
				GCC_WARN_64_TO_32_BIT_CONVERSION = YES;
				GCC_WARN_ABOUT_RETURN_TYPE = YES_ERROR;
				GCC_WARN_UNDECLARED_SELECTOR = YES;
				GCC_WARN_UNINITIALIZED_AUTOS = YES_AGGRESSIVE;
				GCC_WARN_UNUSED_FUNCTION = YES;
				GCC_WARN_UNUSED_VARIABLE = YES;
				IPHONEOS_DEPLOYMENT_TARGET = 10.2;
				MTL_ENABLE_DEBUG_INFO = YES;
				ONLY_ACTIVE_ARCH = YES;
				SDKROOT = iphoneos;
				SWIFT_OPTIMIZATION_LEVEL = "-Onone";
			};
			name = Debug;
		};
		105A7A371DB89B3300755BD2 /* Release */ = {
			isa = XCBuildConfiguration;
			buildSettings = {
				ALWAYS_SEARCH_USER_PATHS = NO;
				CLANG_ANALYZER_NONNULL = YES;
				CLANG_CXX_LANGUAGE_STANDARD = "gnu++0x";
				CLANG_CXX_LIBRARY = "libc++";
				CLANG_ENABLE_MODULES = YES;
				CLANG_ENABLE_OBJC_ARC = YES;
				CLANG_WARN_BOOL_CONVERSION = YES;
				CLANG_WARN_CONSTANT_CONVERSION = YES;
				CLANG_WARN_DIRECT_OBJC_ISA_USAGE = YES_ERROR;
				CLANG_WARN_EMPTY_BODY = YES;
				CLANG_WARN_ENUM_CONVERSION = YES;
				CLANG_WARN_INFINITE_RECURSION = YES;
				CLANG_WARN_INT_CONVERSION = YES;
				CLANG_WARN_OBJC_ROOT_CLASS = YES_ERROR;
				CLANG_WARN_SUSPICIOUS_MOVE = YES;
				CLANG_WARN_UNREACHABLE_CODE = YES;
				CLANG_WARN__DUPLICATE_METHOD_MATCH = YES;
				"CODE_SIGN_IDENTITY[sdk=iphoneos*]" = "iPhone Developer";
				COPY_PHASE_STRIP = NO;
				DEBUG_INFORMATION_FORMAT = "dwarf-with-dsym";
				ENABLE_NS_ASSERTIONS = NO;
				ENABLE_STRICT_OBJC_MSGSEND = YES;
				GCC_C_LANGUAGE_STANDARD = gnu99;
				GCC_NO_COMMON_BLOCKS = YES;
				GCC_WARN_64_TO_32_BIT_CONVERSION = YES;
				GCC_WARN_ABOUT_RETURN_TYPE = YES_ERROR;
				GCC_WARN_UNDECLARED_SELECTOR = YES;
				GCC_WARN_UNINITIALIZED_AUTOS = YES_AGGRESSIVE;
				GCC_WARN_UNUSED_FUNCTION = YES;
				GCC_WARN_UNUSED_VARIABLE = YES;
				IPHONEOS_DEPLOYMENT_TARGET = 10.2;
				MTL_ENABLE_DEBUG_INFO = NO;
				SDKROOT = iphoneos;
				SWIFT_OPTIMIZATION_LEVEL = "-Owholemodule";
				VALIDATE_PRODUCT = YES;
			};
			name = Release;
		};
		105A7A391DB89B3300755BD2 /* Debug */ = {
			isa = XCBuildConfiguration;
			buildSettings = {
				ASSETCATALOG_COMPILER_APPICON_NAME = AppIcon;
				INFOPLIST_FILE = Smashtag/Info.plist;
				LD_RUNPATH_SEARCH_PATHS = "$(inherited) @executable_path/Frameworks";
				PRODUCT_BUNDLE_IDENTIFIER = com.hyf.Smashtag;
				PRODUCT_NAME = "$(TARGET_NAME)";
				SWIFT_VERSION = 3.0;
			};
			name = Debug;
		};
		105A7A3A1DB89B3300755BD2 /* Release */ = {
			isa = XCBuildConfiguration;
			buildSettings = {
				ASSETCATALOG_COMPILER_APPICON_NAME = AppIcon;
				INFOPLIST_FILE = Smashtag/Info.plist;
				LD_RUNPATH_SEARCH_PATHS = "$(inherited) @executable_path/Frameworks";
				PRODUCT_BUNDLE_IDENTIFIER = com.hyf.Smashtag;
				PRODUCT_NAME = "$(TARGET_NAME)";
				SWIFT_VERSION = 3.0;
			};
			name = Release;
		};
/* End XCBuildConfiguration section */

/* Begin XCConfigurationList section */
		105A7A211DB89B3300755BD2 /* Build configuration list for PBXProject "Smashtag" */ = {
			isa = XCConfigurationList;
			buildConfigurations = (
				105A7A361DB89B3300755BD2 /* Debug */,
				105A7A371DB89B3300755BD2 /* Release */,
			);
			defaultConfigurationIsVisible = 0;
			defaultConfigurationName = Release;
		};
		105A7A381DB89B3300755BD2 /* Build configuration list for PBXNativeTarget "Smashtag" */ = {
			isa = XCConfigurationList;
			buildConfigurations = (
				105A7A391DB89B3300755BD2 /* Debug */,
				105A7A3A1DB89B3300755BD2 /* Release */,
			);
			defaultConfigurationIsVisible = 0;
			defaultConfigurationName = Release;
		};
/* End XCConfigurationList section */

/* Begin XCVersionGroup section */
		10A7739E1DDD987600042FDE /* Model.xcdatamodeld */ = {
			isa = XCVersionGroup;
			children = (
				10A7739F1DDD987600042FDE /* Model.xcdatamodel */,
			);
			currentVersion = 10A7739F1DDD987600042FDE /* Model.xcdatamodel */;
			path = Model.xcdatamodeld;
			sourceTree = "<group>";
			versionGroupType = wrapper.xcdatamodel;
		};
		10A773A31DDD994B00042FDE /* Model.xcdatamodeld */ = {
			isa = XCVersionGroup;
			children = (
				10A773A41DDD994B00042FDE /* Model.xcdatamodel */,
			);
			currentVersion = 10A773A41DDD994B00042FDE /* Model.xcdatamodel */;
			name = Model.xcdatamodeld;
			path = Smashtag/Smashtag/Model.xcdatamodeld;
			sourceTree = "<group>";
			versionGroupType = wrapper.xcdatamodel;
		};
/* End XCVersionGroup section */
	};
	rootObject = 105A7A1E1DB89B3300755BD2 /* Project object */;
}
